version = 1
revision = 1
requires-python = ">=3.12"
resolution-markers = [
    "sys_platform == 'darwin'",
    "platform_machine == 'aarch64' and sys_platform == 'linux'",
    "(platform_machine != 'aarch64' and sys_platform == 'linux') or (sys_platform != 'darwin' and sys_platform != 'linux')",
]

[[package]]
name = "black"
version = "25.9.0"
source = { registry = "https://pypi.tuna.tsinghua.edu.cn/simple" }
dependencies = [
    { name = "click" },
    { name = "mypy-extensions" },
    { name = "packaging" },
    { name = "pathspec" },
    { name = "platformdirs" },
    { name = "pytokens" },
]
sdist = { url = "https://pypi.tuna.tsinghua.edu.cn/packages/4b/43/20b5c90612d7bdb2bdbcceeb53d588acca3bb8f0e4c5d5c751a2c8fdd55a/black-25.9.0.tar.gz", hash = "sha256:0474bca9a0dd1b51791fcc507a4e02078a1c63f6d4e4ae5544b9848c7adfb619", size = 648393 }
wheels = [
    { url = "https://pypi.tuna.tsinghua.edu.cn/packages/fb/8e/319cfe6c82f7e2d5bfb4d3353c6cc85b523d677ff59edc61fdb9ee275234/black-25.9.0-cp312-cp312-macosx_10_13_x86_64.whl", hash = "sha256:1b9dc70c21ef8b43248f1d86aedd2aaf75ae110b958a7909ad8463c4aa0880b0", size = 1742012 },
    { url = "https://pypi.tuna.tsinghua.edu.cn/packages/94/cc/f562fe5d0a40cd2a4e6ae3f685e4c36e365b1f7e494af99c26ff7f28117f/black-25.9.0-cp312-cp312-macosx_11_0_arm64.whl", hash = "sha256:8e46eecf65a095fa62e53245ae2795c90bdecabd53b50c448d0a8bcd0d2e74c4", size = 1581421 },
    { url = "https://pypi.tuna.tsinghua.edu.cn/packages/84/67/6db6dff1ebc8965fd7661498aea0da5d7301074b85bba8606a28f47ede4d/black-25.9.0-cp312-cp312-manylinux_2_17_x86_64.manylinux2014_x86_64.manylinux_2_28_x86_64.whl", hash = "sha256:9101ee58ddc2442199a25cb648d46ba22cd580b00ca4b44234a324e3ec7a0f7e", size = 1655619 },
    { url = "https://pypi.tuna.tsinghua.edu.cn/packages/10/10/3faef9aa2a730306cf469d76f7f155a8cc1f66e74781298df0ba31f8b4c8/black-25.9.0-cp312-cp312-win_amd64.whl", hash = "sha256:77e7060a00c5ec4b3367c55f39cf9b06e68965a4f2e61cecacd6d0d9b7ec945a", size = 1342481 },
    { url = "https://pypi.tuna.tsinghua.edu.cn/packages/48/99/3acfea65f5e79f45472c45f87ec13037b506522719cd9d4ac86484ff51ac/black-25.9.0-cp313-cp313-macosx_10_13_x86_64.whl", hash = "sha256:0172a012f725b792c358d57fe7b6b6e8e67375dd157f64fa7a3097b3ed3e2175", size = 1742165 },
    { url = "https://pypi.tuna.tsinghua.edu.cn/packages/3a/18/799285282c8236a79f25d590f0222dbd6850e14b060dfaa3e720241fd772/black-25.9.0-cp313-cp313-macosx_11_0_arm64.whl", hash = "sha256:3bec74ee60f8dfef564b573a96b8930f7b6a538e846123d5ad77ba14a8d7a64f", size = 1581259 },
    { url = "https://pypi.tuna.tsinghua.edu.cn/packages/f1/ce/883ec4b6303acdeca93ee06b7622f1fa383c6b3765294824165d49b1a86b/black-25.9.0-cp313-cp313-manylinux_2_17_x86_64.manylinux2014_x86_64.manylinux_2_28_x86_64.whl", hash = "sha256:b756fc75871cb1bcac5499552d771822fd9db5a2bb8db2a7247936ca48f39831", size = 1655583 },
    { url = "https://pypi.tuna.tsinghua.edu.cn/packages/21/17/5c253aa80a0639ccc427a5c7144534b661505ae2b5a10b77ebe13fa25334/black-25.9.0-cp313-cp313-win_amd64.whl", hash = "sha256:846d58e3ce7879ec1ffe816bb9df6d006cd9590515ed5d17db14e17666b2b357", size = 1343428 },
    { url = "https://pypi.tuna.tsinghua.edu.cn/packages/1b/46/863c90dcd3f9d41b109b7f19032ae0db021f0b2a81482ba0a1e28c84de86/black-25.9.0-py3-none-any.whl", hash = "sha256:474b34c1342cdc157d307b56c4c65bce916480c4a8f6551fdc6bf9b486a7c4ae", size = 203363 },
]

[[package]]
name = "chromasoul-color-transfer"
version = "1.0.2"
source = { editable = "." }
dependencies = [
    { name = "black" },
    { name = "numpy" },
    { name = "opencv-python" },
]

[package.metadata]
requires-dist = [
    { name = "black", specifier = ">=25.9.0" },
    { name = "numpy", specifier = "==1.26" },
    { name = "opencv-python", specifier = ">=4.11.0.86" },
]

[[package]]
name = "click"
version = "8.3.0"
source = { registry = "https://pypi.tuna.tsinghua.edu.cn/simple" }
dependencies = [
    { name = "colorama", marker = "sys_platform == 'win32'" },
]
sdist = { url = "https://pypi.tuna.tsinghua.edu.cn/packages/46/61/de6cd827efad202d7057d93e0fed9294b96952e188f7384832791c7b2254/click-8.3.0.tar.gz", hash = "sha256:e7b8232224eba16f4ebe410c25ced9f7875cb5f3263ffc93cc3e8da705e229c4", size = 276943 }
wheels = [
    { url = "https://pypi.tuna.tsinghua.edu.cn/packages/db/d3/9dcc0f5797f070ec8edf30fbadfb200e71d9db6b84d211e3b2085a7589a0/click-8.3.0-py3-none-any.whl", hash = "sha256:9b9f285302c6e3064f4330c05f05b81945b2a39544279343e6e7c5f27a9baddc", size = 107295 },
]

[[package]]
name = "colorama"
version = "0.4.6"
source = { registry = "https://pypi.tuna.tsinghua.edu.cn/simple" }
sdist = { url = "https://pypi.tuna.tsinghua.edu.cn/packages/d8/53/6f443c9a4a8358a93a6792e2acffb9d9d5cb0a5cfd8802644b7b1c9a02e4/colorama-0.4.6.tar.gz", hash = "sha256:08695f5cb7ed6e0531a20572697297273c47b8cae5a63ffc6d6ed5c201be6e44", size = 27697 }
wheels = [
    { url = "https://pypi.tuna.tsinghua.edu.cn/packages/d1/d6/3965ed04c63042e047cb6a3e6ed1a63a35087b6a609aa3a15ed8ac56c221/colorama-0.4.6-py2.py3-none-any.whl", hash = "sha256:4f1d9991f5acc0ca119f9d443620b77f9d6b33703e51011c16baf57afb285fc6", size = 25335 },
]

[[package]]
name = "mypy-extensions"
version = "1.1.0"
source = { registry = "https://pypi.tuna.tsinghua.edu.cn/simple" }
sdist = { url = "https://pypi.tuna.tsinghua.edu.cn/packages/a2/6e/371856a3fb9d31ca8dac321cda606860fa4548858c0cc45d9d1d4ca2628b/mypy_extensions-1.1.0.tar.gz", hash = "sha256:52e68efc3284861e772bbcd66823fde5ae21fd2fdb51c62a211403730b916558", size = 6343 }
wheels = [
    { url = "https://pypi.tuna.tsinghua.edu.cn/packages/79/7b/2c79738432f5c924bef5071f933bcc9efd0473bac3b4aa584a6f7c1c8df8/mypy_extensions-1.1.0-py3-none-any.whl", hash = "sha256:1be4cccdb0f2482337c4743e60421de3a356cd97508abadd57d47403e94f5505", size = 4963 },
]

[[package]]
name = "numpy"
version = "1.26.0"
source = { registry = "https://pypi.tuna.tsinghua.edu.cn/simple" }
sdist = { url = "https://pypi.tuna.tsinghua.edu.cn/packages/55/b3/b13bce39ba82b7398c06d10446f5ffd5c07db39b09bd37370dc720c7951c/numpy-1.26.0.tar.gz", hash = "sha256:f93fc78fe8bf15afe2b8d6b6499f1c73953169fad1e9a8dd086cdff3190e7fdf", size = 15633455 }
wheels = [
    { url = "https://pypi.tuna.tsinghua.edu.cn/packages/e9/83/f8a62f08d38d831a2980427ffc465a4207fe600124b00cfb0ef8265594a7/numpy-1.26.0-cp312-cp312-macosx_10_9_x86_64.whl", hash = "sha256:166b36197e9debc4e384e9c652ba60c0bacc216d0fc89e78f973a9760b503388", size = 20325091 },
    { url = "https://pypi.tuna.tsinghua.edu.cn/packages/7a/72/6d1cbdf0d770016bc9485f9ef02e73d5cb4cf3c726f8e120b860a403d307/numpy-1.26.0-cp312-cp312-macosx_11_0_arm64.whl", hash = "sha256:f042f66d0b4ae6d48e70e28d487376204d3cbf43b84c03bac57e28dac6151581", size = 13672867 },
    { url = "https://pypi.tuna.tsinghua.edu.cn/packages/2f/70/c071b2347e339f572f5aa61f649b70167e5dd218e3da3dc600c9b08154b9/numpy-1.26.0-cp312-cp312-manylinux_2_17_aarch64.manylinux2014_aarch64.whl", hash = "sha256:e5e18e5b14a7560d8acf1c596688f4dfd19b4f2945b245a71e5af4ddb7422feb", size = 13872627 },
    { url = "https://pypi.tuna.tsinghua.edu.cn/packages/e3/e2/4ecfbc4a2e3f9d227b008c92a5d1f0370190a639b24fec3b226841eaaf19/numpy-1.26.0-cp312-cp312-manylinux_2_17_x86_64.manylinux2014_x86_64.whl", hash = "sha256:7f6bad22a791226d0a5c7c27a80a20e11cfe09ad5ef9084d4d3fc4a299cca505", size = 17883864 },
    { url = "https://pypi.tuna.tsinghua.edu.cn/packages/45/08/025bb65dbe19749f1a67a80655670941982e5d0144a4e588ebbdbcfe7983/numpy-1.26.0-cp312-cp312-musllinux_1_1_x86_64.whl", hash = "sha256:4acc65dd65da28060e206c8f27a573455ed724e6179941edb19f97e58161bb69", size = 17721550 },
    { url = "https://pypi.tuna.tsinghua.edu.cn/packages/98/66/f0a846751044d0b6db5156fb6304d0336861ed055c21053a0f447103939c/numpy-1.26.0-cp312-cp312-win32.whl", hash = "sha256:bb0d9a1aaf5f1cb7967320e80690a1d7ff69f1d47ebc5a9bea013e3a21faec95", size = 19951520 },
    { url = "https://pypi.tuna.tsinghua.edu.cn/packages/98/d7/1cc7a11118408ad21a5379ff2a4e0b0e27504c68ef6e808ebaa90ee95902/numpy-1.26.0-cp312-cp312-win_amd64.whl", hash = "sha256:ee84ca3c58fe48b8ddafdeb1db87388dce2c3c3f701bf447b05e4cfcc3679112", size = 15504471 },
]

[[package]]
name = "opencv-python"
version = "4.11.0.86"
source = { registry = "https://pypi.tuna.tsinghua.edu.cn/simple" }
dependencies = [
    { name = "numpy" },
]
sdist = { url = "https://pypi.tuna.tsinghua.edu.cn/packages/17/06/68c27a523103dad5837dc5b87e71285280c4f098c60e4fe8a8db6486ab09/opencv-python-4.11.0.86.tar.gz", hash = "sha256:03d60ccae62304860d232272e4a4fda93c39d595780cb40b161b310244b736a4", size = 95171956 }
wheels = [
    { url = "https://pypi.tuna.tsinghua.edu.cn/packages/05/4d/53b30a2a3ac1f75f65a59eb29cf2ee7207ce64867db47036ad61743d5a23/opencv_python-4.11.0.86-cp37-abi3-macosx_13_0_arm64.whl", hash = "sha256:432f67c223f1dc2824f5e73cdfcd9db0efc8710647d4e813012195dc9122a52a", size = 37326322 },
    { url = "https://pypi.tuna.tsinghua.edu.cn/packages/3b/84/0a67490741867eacdfa37bc18df96e08a9d579583b419010d7f3da8ff503/opencv_python-4.11.0.86-cp37-abi3-macosx_13_0_x86_64.whl", hash = "sha256:9d05ef13d23fe97f575153558653e2d6e87103995d54e6a35db3f282fe1f9c66", size = 56723197 },
    { url = "https://pypi.tuna.tsinghua.edu.cn/packages/f3/bd/29c126788da65c1fb2b5fb621b7fed0ed5f9122aa22a0868c5e2c15c6d23/opencv_python-4.11.0.86-cp37-abi3-manylinux_2_17_aarch64.manylinux2014_aarch64.whl", hash = "sha256:1b92ae2c8852208817e6776ba1ea0d6b1e0a1b5431e971a2a0ddd2a8cc398202", size = 42230439 },
    { url = "https://pypi.tuna.tsinghua.edu.cn/packages/2c/8b/90eb44a40476fa0e71e05a0283947cfd74a5d36121a11d926ad6f3193cc4/opencv_python-4.11.0.86-cp37-abi3-manylinux_2_17_x86_64.manylinux2014_x86_64.whl", hash = "sha256:6b02611523803495003bd87362db3e1d2a0454a6a63025dc6658a9830570aa0d", size = 62986597 },
    { url = "https://pypi.tuna.tsinghua.edu.cn/packages/fb/d7/1d5941a9dde095468b288d989ff6539dd69cd429dbf1b9e839013d21b6f0/opencv_python-4.11.0.86-cp37-abi3-win32.whl", hash = "sha256:810549cb2a4aedaa84ad9a1c92fbfdfc14090e2749cedf2c1589ad8359aa169b", size = 29384337 },
    { url = "https://pypi.tuna.tsinghua.edu.cn/packages/a4/7d/f1c30a92854540bf789e9cd5dde7ef49bbe63f855b85a2e6b3db8135c591/opencv_python-4.11.0.86-cp37-abi3-win_amd64.whl", hash = "sha256:085ad9b77c18853ea66283e98affefe2de8cc4c1f43eda4c100cf9b2721142ec", size = 39488044 },
]

[[package]]
name = "packaging"
version = "25.0"
source = { registry = "https://pypi.tuna.tsinghua.edu.cn/simple" }
sdist = { url = "https://pypi.tuna.tsinghua.edu.cn/packages/a1/d4/1fc4078c65507b51b96ca8f8c3ba19e6a61c8253c72794544580a7b6c24d/packaging-25.0.tar.gz", hash = "sha256:d443872c98d677bf60f6a1f2f8c1cb748e8fe762d2bf9d3148b5599295b0fc4f", size = 165727 }
wheels = [
    { url = "https://pypi.tuna.tsinghua.edu.cn/packages/20/12/38679034af332785aac8774540895e234f4d07f7545804097de4b666afd8/packaging-25.0-py3-none-any.whl", hash = "sha256:29572ef2b1f17581046b3a2227d5c611fb25ec70ca1ba8554b24b0e69331a484", size = 66469 },
]

[[package]]
name = "pathspec"
version = "0.12.1"
source = { registry = "https://pypi.tuna.tsinghua.edu.cn/simple" }
sdist = { url = "https://pypi.tuna.tsinghua.edu.cn/packages/ca/bc/f35b8446f4531a7cb215605d100cd88b7ac6f44ab3fc94870c120ab3adbf/pathspec-0.12.1.tar.gz", hash = "sha256:a482d51503a1ab33b1c67a6c3813a26953dbdc71c31dacaef9a838c4e29f5712", size = 51043 }
wheels = [
    { url = "https://pypi.tuna.tsinghua.edu.cn/packages/cc/20/ff623b09d963f88bfde16306a54e12ee5ea43e9b597108672ff3a408aad6/pathspec-0.12.1-py3-none-any.whl", hash = "sha256:a0d503e138a4c123b27490a4f7beda6a01c6f288df0e4a8b79c7eb0dc7b4cc08", size = 31191 },
]

[[package]]
name = "platformdirs"
version = "4.5.0"
source = { registry = "https://pypi.tuna.tsinghua.edu.cn/simple" }
sdist = { url = "https://pypi.tuna.tsinghua.edu.cn/packages/61/33/9611380c2bdb1225fdef633e2a9610622310fed35ab11dac9620972ee088/platformdirs-4.5.0.tar.gz", hash = "sha256:70ddccdd7c99fc5942e9fc25636a8b34d04c24b335100223152c2803e4063312", size = 21632 }
wheels = [
    { url = "https://pypi.tuna.tsinghua.edu.cn/packages/73/cb/ac7874b3e5d58441674fb70742e6c374b28b0c7cb988d37d991cde47166c/platformdirs-4.5.0-py3-none-any.whl", hash = "sha256:e578a81bb873cbb89a41fcc904c7ef523cc18284b7e3b3ccf06aca1403b7ebd3", size = 18651 },
]

[[package]]
name = "pytokens"
version = "0.1.10"
source = { registry = "https://pypi.tuna.tsinghua.edu.cn/simple" }
sdist = { url = "https://pypi.tuna.tsinghua.edu.cn/packages/30/5f/e959a442435e24f6fb5a01aec6c657079ceaca1b3baf18561c3728d681da/pytokens-0.1.10.tar.gz", hash = "sha256:c9a4bfa0be1d26aebce03e6884ba454e842f186a59ea43a6d3b25af58223c044", size = 12171 }
wheels = [
    { url = "https://pypi.tuna.tsinghua.edu.cn/packages/60/e5/63bed382f6a7a5ba70e7e132b8b7b8abbcf4888ffa6be4877698dcfbed7d/pytokens-0.1.10-py3-none-any.whl", hash = "sha256:db7b72284e480e69fb085d9f251f66b3d2df8b7166059261258ff35f50fb711b", size = 12046 },
]
