version = "1.0"
created_at = "2025-09-27T10:00:00+00:00"
updated_at = "2025-09-28T12:45:44.810349+00:00"
default_profile = "default"

[metadata]
description = "Default lockfile bundled with llmring package - includes example profiles for different environments"
source = "llmring"

[profiles.default]
name = "default"
[[profiles.default.bindings]]
alias = "advisor"
models = [ "openai:gpt-5-2025-08-07", "google:gemini-2.5-pro", "anthropic:claude-opus-4-1-20250805",]

[profiles.dev]
name = "dev"
[[profiles.dev.bindings]]
alias = "advisor"
models = [ "anthropic:claude-3-5-haiku-20241022", "openai:gpt-4o-mini", "google:gemini-flash",]

[profiles.prod]
name = "prod"
[[profiles.prod.bindings]]
alias = "advisor"
models = [ "anthropic:claude-opus-4-1-20250805", "openai:gpt-4o", "google:gemini-2.5-pro",]

[profiles.test]
name = "test"
[[profiles.test.bindings]]
alias = "advisor"
models = [ "openai:gpt-3.5-turbo",]

[profiles.default.registry_versions]

[profiles.dev.registry_versions]

[profiles.prod.registry_versions]

[profiles.test.registry_versions]
