version = 1
requires-python = ">=3.10"

[[package]]
name = "cfgv"
version = "3.4.0"
source = { registry = "https://pypi.org/simple" }
sdist = { url = "https://files.pythonhosted.org/packages/11/74/539e56497d9bd1d484fd863dd69cbbfa653cd2aa27abfe35653494d85e94/cfgv-3.4.0.tar.gz", hash = "sha256:e52591d4c5f5dead8e0f673fb16db7949d2cfb3f7da4582893288f0ded8fe560", size = 7114 }
wheels = [
    { url = "https://files.pythonhosted.org/packages/c5/55/51844dd50c4fc7a33b653bfaba4c2456f06955289ca770a5dbd5fd267374/cfgv-3.4.0-py2.py3-none-any.whl", hash = "sha256:b7265b1f29fd3316bfcd2b330d63d024f2bfd8bcb8b0272f8e19a504856c48f9", size = 7249 },
]

[[package]]
name = "colorama"
version = "0.4.6"
source = { registry = "https://pypi.org/simple" }
sdist = { url = "https://files.pythonhosted.org/packages/d8/53/6f443c9a4a8358a93a6792e2acffb9d9d5cb0a5cfd8802644b7b1c9a02e4/colorama-0.4.6.tar.gz", hash = "sha256:08695f5cb7ed6e0531a20572697297273c47b8cae5a63ffc6d6ed5c201be6e44", size = 27697 }
wheels = [
    { url = "https://files.pythonhosted.org/packages/d1/d6/3965ed04c63042e047cb6a3e6ed1a63a35087b6a609aa3a15ed8ac56c221/colorama-0.4.6-py2.py3-none-any.whl", hash = "sha256:4f1d9991f5acc0ca119f9d443620b77f9d6b33703e51011c16baf57afb285fc6", size = 25335 },
]

[[package]]
name = "distlib"
version = "0.4.0"
source = { registry = "https://pypi.org/simple" }
sdist = { url = "https://files.pythonhosted.org/packages/96/8e/709914eb2b5749865801041647dc7f4e6d00b549cfe88b65ca192995f07c/distlib-0.4.0.tar.gz", hash = "sha256:feec40075be03a04501a973d81f633735b4b69f98b05450592310c0f401a4e0d", size = 614605 }
wheels = [
    { url = "https://files.pythonhosted.org/packages/33/6b/e0547afaf41bf2c42e52430072fa5658766e3d65bd4b03a563d1b6336f57/distlib-0.4.0-py2.py3-none-any.whl", hash = "sha256:9659f7d87e46584a30b5780e43ac7a2143098441670ff0a49d5f9034c54a6c16", size = 469047 },
]

[[package]]
name = "fastlog-io"
version = "0.2.4"
source = { editable = "." }
dependencies = [
    { name = "fastnanoid" },
    { name = "loguru" },
]

[package.dev-dependencies]
dev = [
    { name = "pre-commit" },
]

[package.metadata]
requires-dist = [
    { name = "fastnanoid", specifier = "==0.4.3" },
    { name = "loguru", specifier = ">=0.7.3" },
]

[package.metadata.requires-dev]
dev = [{ name = "pre-commit", specifier = ">=4.2.0" }]

[[package]]
name = "fastnanoid"
version = "0.4.3"
source = { registry = "https://pypi.org/simple" }
sdist = { url = "https://files.pythonhosted.org/packages/21/f5/dd1935e7b6a7534c008b39205c6fad38c59146ef0a4987696fd770f9e1a1/fastnanoid-0.4.3.tar.gz", hash = "sha256:aa8d33896513fa02dbc1393396365ef5023c1ffb73dd344fd797cc846452b45a", size = 9981 }
wheels = [
    { url = "https://files.pythonhosted.org/packages/d8/33/ce5e1b7e898a8bdca55d794fabd7fe465006ca8d2121cb3f93bbdd2e8bdd/fastnanoid-0.4.3-cp310-cp310-manylinux_2_17_aarch64.manylinux2014_aarch64.whl", hash = "sha256:10c9ccc8e2d2ae7fc1ae5200a0a40511938376e5285ca756f99df20ddfe5c736", size = 231872 },
    { url = "https://files.pythonhosted.org/packages/8c/06/92e69995b29e54bc573baf90a34fbe3bc0d254af705607a7441715eb5a18/fastnanoid-0.4.3-cp310-cp310-manylinux_2_17_armv7l.manylinux2014_armv7l.whl", hash = "sha256:c84cfa23115382d46c47a803d905abfb86a44b1268ff43e4a837dc76c881f1b5", size = 241609 },
    { url = "https://files.pythonhosted.org/packages/c1/1d/d62b82712203308efc010ce6e702883ae8175c3bcec3be6121b99b1ed68c/fastnanoid-0.4.3-cp310-cp310-manylinux_2_17_ppc64le.manylinux2014_ppc64le.whl", hash = "sha256:38ebed8c9e9b541d799b457ca5348462ee2f0c1d96186ef793fe6d9c8a1ea270", size = 366937 },
    { url = "https://files.pythonhosted.org/packages/5a/a4/b16506c1d781acdee49dd9c0e00ac6fd91e9771e24ace27c0de5444840d7/fastnanoid-0.4.3-cp310-cp310-manylinux_2_17_s390x.manylinux2014_s390x.whl", hash = "sha256:a87f76b8981c5d17818f32f6755298cc894c4fa2a3311160d98a70251bd68dfa", size = 261339 },
    { url = "https://files.pythonhosted.org/packages/bf/ec/e7ae4a0d49e02c07e81b6975986a082b50f6e96676297f4374847f1e3ab1/fastnanoid-0.4.3-cp310-cp310-manylinux_2_17_x86_64.manylinux2014_x86_64.whl", hash = "sha256:d8591363d60f1327832fbfa6d951a324804bfca0705f086375dd74c2c4aeceec", size = 235731 },
    { url = "https://files.pythonhosted.org/packages/dd/1c/270789f975eab5cbe47c3c99fdf213981e9722eb22760acddf194960043a/fastnanoid-0.4.3-cp310-cp310-manylinux_2_5_i686.manylinux1_i686.whl", hash = "sha256:0ce4a79eeeaddc70c3b12f9a106e8c78f7ba76484c78be9b72021bbfc2967813", size = 250681 },
    { url = "https://files.pythonhosted.org/packages/f5/f9/39ea727bb3ccb762a20fb4c542987ce088bf546652e9076ac06035de91b8/fastnanoid-0.4.3-cp310-cp310-musllinux_1_2_aarch64.whl", hash = "sha256:6d2e9596f5e4595aab72036d0f926656d0469ac1106b440417d0dd7e787a8714", size = 410740 },
    { url = "https://files.pythonhosted.org/packages/32/3a/d3535332efd530d6c2d8dc10d5474f9021939278aaddf265e84e28c8b272/fastnanoid-0.4.3-cp310-cp310-musllinux_1_2_armv7l.whl", hash = "sha256:dba768064601c28ee9ea7e262f0ff776fcb1270fd6ae0c0271aa2722e79c347b", size = 504169 },
    { url = "https://files.pythonhosted.org/packages/18/8f/54f7c7ad9d06e4b036d659a73335e64ff73f6ac222c8b14f75e29e488ab9/fastnanoid-0.4.3-cp310-cp310-musllinux_1_2_i686.whl", hash = "sha256:d3f72279b67a4f51b5752113ba27acb83139133222736d2d3204fc31801aa578", size = 431332 },
    { url = "https://files.pythonhosted.org/packages/3a/18/d5007434acfa3263bf6ca9539bbbe7b6755a5f599eba5044c73ae19b3f8c/fastnanoid-0.4.3-cp310-cp310-musllinux_1_2_x86_64.whl", hash = "sha256:3e2598b31f3c7a39acaeeeb93f3b0db135ec65ce680ee7fa8237380b315b98f7", size = 406112 },
    { url = "https://files.pythonhosted.org/packages/c9/08/d98e30437d1a4e116d1a8a82255c2344dec11a9403f1cbf31bcd38242468/fastnanoid-0.4.3-cp310-cp310-win32.whl", hash = "sha256:9218f3474061f9bc346a2185ac9480567f0445b75d63972bcdd6d41cda472f6f", size = 102769 },
    { url = "https://files.pythonhosted.org/packages/d2/00/8b0dd74f4b929951fe7fd194435e724225171bd639349ac139113df1a933/fastnanoid-0.4.3-cp310-cp310-win_amd64.whl", hash = "sha256:37383ffa42e47ed2afc742665b67bfc9c87703404c46475b44496f7475f40e5f", size = 109616 },
    { url = "https://files.pythonhosted.org/packages/2b/b2/1a1556adc254eedf0d940267ecde9b8b2e7b683b04d403ecbc07671328e2/fastnanoid-0.4.3-cp311-cp311-macosx_10_12_x86_64.whl", hash = "sha256:4468f2128ac3b203baef110185b61619a2f45492bb6a90c9f098ca4a957fc4dc", size = 216189 },
    { url = "https://files.pythonhosted.org/packages/e5/d5/ac87ae976a91585c84ec260ba109d43f19e34d263df88c62381665d79558/fastnanoid-0.4.3-cp311-cp311-macosx_11_0_arm64.whl", hash = "sha256:338c7d57e199b80b2fde8984138546351bba21ea3bac03ebc51814762d0bfb45", size = 210869 },
    { url = "https://files.pythonhosted.org/packages/51/28/839d11bf48c5423cecc5117f4e06a8b5902f8bffb9e623461135aa35442a/fastnanoid-0.4.3-cp311-cp311-manylinux_2_17_aarch64.manylinux2014_aarch64.whl", hash = "sha256:4f162bfdd52d50282a727d8193c401c8336cdd7ccd9eaa9fbb3f5b89478ac2cd", size = 231775 },
    { url = "https://files.pythonhosted.org/packages/65/ae/527c847397e83d84cc035ab011202322c7b225e1e868e2c8e42c65d9b583/fastnanoid-0.4.3-cp311-cp311-manylinux_2_17_armv7l.manylinux2014_armv7l.whl", hash = "sha256:f47b9066b4a07ddbf3a1d28d1761616a72a7fedc035c6e6659d0fcafbc40832b", size = 241388 },
    { url = "https://files.pythonhosted.org/packages/fa/82/0e1cb7fd5c00f5b9a612173560f1361bce2ff292c04de33eb6559c91c772/fastnanoid-0.4.3-cp311-cp311-manylinux_2_17_ppc64le.manylinux2014_ppc64le.whl", hash = "sha256:30ce1cc5297626f2de5a2eb274b5fb323326accaa517e5126622efc288de900e", size = 366863 },
    { url = "https://files.pythonhosted.org/packages/71/b2/57e061f6d48a33c4a3f4fceea2b90674181429d32ee90f282746a2dc4c73/fastnanoid-0.4.3-cp311-cp311-manylinux_2_17_s390x.manylinux2014_s390x.whl", hash = "sha256:ba492e9e1d6e2d5e7a9e9a074c14f24f6c774dc62d145672ecbc9fc7a3425520", size = 261125 },
    { url = "https://files.pythonhosted.org/packages/af/99/27346e87da58b194bc1927cf276138c4d717ea3ce95a397a1959fc54b7a9/fastnanoid-0.4.3-cp311-cp311-manylinux_2_17_x86_64.manylinux2014_x86_64.whl", hash = "sha256:2e1a9ade5de172b2bbf37b296aae1b867bd549087180ea2259db6ee61359c5aa", size = 235511 },
    { url = "https://files.pythonhosted.org/packages/0e/97/cde7439016731a2b39c22373a014dc88feab8bfa5163ee7602cfd0ef478e/fastnanoid-0.4.3-cp311-cp311-manylinux_2_5_i686.manylinux1_i686.whl", hash = "sha256:1de3bf70e41689f276140c4944beb5280449ea7eb4469517fbfb49461c2724d8", size = 250576 },
    { url = "https://files.pythonhosted.org/packages/5a/95/ce648bed84345d798010afb0b9bb255e4901594b66a888b891ce4985651c/fastnanoid-0.4.3-cp311-cp311-musllinux_1_2_aarch64.whl", hash = "sha256:8a531e092d8e5125555740d9a895ed7a97c5bb00a37881d9e010456d74f1cd26", size = 410572 },
    { url = "https://files.pythonhosted.org/packages/b2/e0/10ba3092ef30692f7a994fc4a946ae2dbc78aab27b5e48c4183abe8a181c/fastnanoid-0.4.3-cp311-cp311-musllinux_1_2_armv7l.whl", hash = "sha256:5d77c46c67b5c211da60ea03dfcf5e460542e201cd32dae0f2f590edb28b4775", size = 503840 },
    { url = "https://files.pythonhosted.org/packages/bc/7e/0cf0fb74f59189c57153a71af0064554ce6f037562aec4ad5314a1c996b3/fastnanoid-0.4.3-cp311-cp311-musllinux_1_2_i686.whl", hash = "sha256:ab68c0728a3faabf57c551912cbd9ec423e8bb9adfb8ca70ec6b916042ec7394", size = 431048 },
    { url = "https://files.pythonhosted.org/packages/f2/f8/039bde05afb09ef175a4204cb8be3da9ef762f1e122639ee3b55cc006da4/fastnanoid-0.4.3-cp311-cp311-musllinux_1_2_x86_64.whl", hash = "sha256:304f89f4d0a9a96ba0b60526fcce5b31d88be68d9348d4c1b74f864b9c42b81d", size = 405846 },
    { url = "https://files.pythonhosted.org/packages/d7/9d/fe42437fb3396130b5ab370bdbb98075e8c86d73405cbabacfb31965fd93/fastnanoid-0.4.3-cp311-cp311-win32.whl", hash = "sha256:3ddd9b3b6173ceaf3a1c93e10f5ebeb5e02f952e15e2bd42d396a0ef688d8e0e", size = 103042 },
    { url = "https://files.pythonhosted.org/packages/b9/a9/a6f50a25684b29095e4b64974f1845b24e4a61bbcf45b754da272b02c240/fastnanoid-0.4.3-cp311-cp311-win_amd64.whl", hash = "sha256:64e292b40d4473f06487c35fa190a8f02925d065991d3ffb759064f899dd8577", size = 109849 },
    { url = "https://files.pythonhosted.org/packages/4d/12/cfbe595d53e63a1b266a28b7f8d86c9bbf3e34b7b507854cd813f23c9bdb/fastnanoid-0.4.3-cp312-cp312-macosx_10_12_x86_64.whl", hash = "sha256:dacbeb28b27b247c94925fbccde2a5e3d64905c14d7e5f67678765a76701fc31", size = 213543 },
    { url = "https://files.pythonhosted.org/packages/07/52/72208cb48880adf31633eed3577d86ed48b92d7672ff290bad130bed2530/fastnanoid-0.4.3-cp312-cp312-macosx_11_0_arm64.whl", hash = "sha256:045de0ed68fd8344b77430acfe1b0264fb688d56a093d497c67a11bfd2278fd9", size = 207889 },
    { url = "https://files.pythonhosted.org/packages/f7/44/5af057807407cc9e5db1c0068b3018467937a37d3fc73a5b693321242e10/fastnanoid-0.4.3-cp312-cp312-manylinux_2_17_aarch64.manylinux2014_aarch64.whl", hash = "sha256:5f5631de9f464dbfe4ea45f97048c902bd4e4f312196bfbd6decec74610010b4", size = 231223 },
    { url = "https://files.pythonhosted.org/packages/a4/d0/7208a1232024c1f45ac899f6b27598c9358277b010df1a37dcc3a24adb0d/fastnanoid-0.4.3-cp312-cp312-manylinux_2_17_armv7l.manylinux2014_armv7l.whl", hash = "sha256:490d29e51caac8e2045bb2ec4422d35ba2abc1a5d59313fc20a2cddb473719fa", size = 240438 },
    { url = "https://files.pythonhosted.org/packages/e6/02/249c079c9937ed88825ee46e24cfd24f759e7b93d8514e100fc7afdd9392/fastnanoid-0.4.3-cp312-cp312-manylinux_2_17_ppc64le.manylinux2014_ppc64le.whl", hash = "sha256:860cd8d544962a01d398cd54b42fab9489ff9248b560d7ca826a6842ddb111d9", size = 370318 },
    { url = "https://files.pythonhosted.org/packages/c9/d9/024d5fc19a02a6884d45012209b673416f72195424f787fe7f1d43187836/fastnanoid-0.4.3-cp312-cp312-manylinux_2_17_s390x.manylinux2014_s390x.whl", hash = "sha256:8de4a164f45891e9f1eb60ac165df5c10d2ba0269bc1ea42a4319912c5c31a12", size = 261495 },
    { url = "https://files.pythonhosted.org/packages/9f/f3/be59d7166a0351cc116f963c26e589a4a1a635a02a2cbccb33e0b0864a66/fastnanoid-0.4.3-cp312-cp312-manylinux_2_17_x86_64.manylinux2014_x86_64.whl", hash = "sha256:8df4e3fd8fa8cd868cf14a7ee9c84da60d27583543cdc549596a83efb26f134b", size = 234486 },
    { url = "https://files.pythonhosted.org/packages/ab/ca/a21feb43d6363641917bf529d9019fc2f36af7d7cba66ead2deb7f7b6a0a/fastnanoid-0.4.3-cp312-cp312-manylinux_2_5_i686.manylinux1_i686.whl", hash = "sha256:10f0acf972afc2dd51d62d7fa8077d43ae6c91cc251495fcc36a0abe2e2a21bd", size = 249336 },
    { url = "https://files.pythonhosted.org/packages/fb/57/94bf417e6e8935cf282825bd7fe058adf9448e6734afb32fb7a7b44c8f44/fastnanoid-0.4.3-cp312-cp312-musllinux_1_2_aarch64.whl", hash = "sha256:402370ef2caccd417059f2aa55df6b34e2740cdabdbf983b0c45add80d8f78c4", size = 410146 },
    { url = "https://files.pythonhosted.org/packages/57/a7/be3b6d50b839bf5ccd59d2ec01dd728bc703e0d51491b52783dc872f3976/fastnanoid-0.4.3-cp312-cp312-musllinux_1_2_armv7l.whl", hash = "sha256:aaf76f24a9a6278c5dd7f5680bd9633d7e57f5272d894facfa42da2fd2f2a941", size = 502822 },
    { url = "https://files.pythonhosted.org/packages/db/e3/765adf90e2f4d4ba0f49351853a923f05162ed4507d011e9160746d54eac/fastnanoid-0.4.3-cp312-cp312-musllinux_1_2_i686.whl", hash = "sha256:d265def97eb3ffa0e8a27112d05038ec3025a593bae016a3074beea325f107b0", size = 430021 },
    { url = "https://files.pythonhosted.org/packages/c4/df/56f0345f2b4a5cf04ba7e61e24386daed45cdb1060384e4ead78c84cf31e/fastnanoid-0.4.3-cp312-cp312-musllinux_1_2_x86_64.whl", hash = "sha256:7375f8ee7316a512b8228ba63367898d9445a4ca32e4df5f6947bae0af707ed3", size = 404709 },
    { url = "https://files.pythonhosted.org/packages/cf/64/e7bb58e6d811225c2b353c7223b6f218d95a5494ef29fa30344b2cd89e31/fastnanoid-0.4.3-cp312-cp312-win32.whl", hash = "sha256:8e08f0408a392fed2d63dd356c70d50e4bcfb7fad26739a0e44fac847253f09c", size = 102717 },
    { url = "https://files.pythonhosted.org/packages/ba/62/b1df24ab312cd06e4371d6c2e61d6832d1c2a623ce14ff94b23969204ee7/fastnanoid-0.4.3-cp312-cp312-win_amd64.whl", hash = "sha256:7c73723c9ebcc5155b68b909f4ba6afb176ea01a1747fc5ae11744a1ad18b1f1", size = 109491 },
    { url = "https://files.pythonhosted.org/packages/e0/01/53dad4b97e424d94ac3ec1c4c56dde95cf47a0f9dee32e5d1696422d239e/fastnanoid-0.4.3-cp313-cp313-macosx_10_12_x86_64.whl", hash = "sha256:26e621635473a2a765f5f11f4533ebf78377e7336db49f10dd082d522011a37d", size = 213706 },
    { url = "https://files.pythonhosted.org/packages/4b/ae/a6691565b7398ae24fc7b8b6af1d783aa22ce0ff68fe2d2257c8e9aa17ee/fastnanoid-0.4.3-cp313-cp313-macosx_11_0_arm64.whl", hash = "sha256:a683290623456a2a48dbfb546e7cd6e22b87160a24d6557f01c271047a3ca107", size = 208084 },
    { url = "https://files.pythonhosted.org/packages/f5/c1/143567f642467d764781679997247dd8cd17eb9b89b43468b77a601eba46/fastnanoid-0.4.3-cp313-cp313-manylinux_2_17_aarch64.manylinux2014_aarch64.whl", hash = "sha256:79a8af60fa4f3b729d38c6795ade55dbcdc24d2c4306804016a2f32c5e098434", size = 231229 },
    { url = "https://files.pythonhosted.org/packages/59/5b/014aca65ad7a7be1eb1228c1fd980f17b453d155c5e8907879bb6f50a88c/fastnanoid-0.4.3-cp313-cp313-manylinux_2_17_armv7l.manylinux2014_armv7l.whl", hash = "sha256:f85cff115077cb9f55e1ee1502077fa3cfb8fcea22060165f957b2576e44f116", size = 240135 },
    { url = "https://files.pythonhosted.org/packages/07/f6/616efa01caeb30bea4f224f03853e91016759de94f2354eade1414f60a4e/fastnanoid-0.4.3-cp313-cp313-manylinux_2_17_ppc64le.manylinux2014_ppc64le.whl", hash = "sha256:716e5c1e18ae4b56a691e34485d1fb7bd0264878a94978eb3265d245626b613d", size = 367044 },
    { url = "https://files.pythonhosted.org/packages/78/54/1cde771fe30a9026d289aff78fb5913d1f0fe742d27df668a68230bf685b/fastnanoid-0.4.3-cp313-cp313-manylinux_2_17_s390x.manylinux2014_s390x.whl", hash = "sha256:9a3c3c551d02cb1d3eb0a2928664fd7948400b9b86f732a11d5891325efa8657", size = 261560 },
    { url = "https://files.pythonhosted.org/packages/f7/72/3989891de09135f4b6785d46566387f8e3f9428fcfa04e9edde417c2bddb/fastnanoid-0.4.3-cp313-cp313-manylinux_2_17_x86_64.manylinux2014_x86_64.whl", hash = "sha256:68561fd3ebe9615b1bbb52eb909c3f2dbf9295eb87ede86d63317654210e9907", size = 234308 },
    { url = "https://files.pythonhosted.org/packages/be/ec/aa4e384f60d00c59e10fb3630f69255fad601f25fc69236cd23de07e572f/fastnanoid-0.4.3-cp313-cp313-manylinux_2_5_i686.manylinux1_i686.whl", hash = "sha256:e7c4ca8aebadf142c8e49c3da69af991ef846e791039eb944786ed21bc106896", size = 249116 },
    { url = "https://files.pythonhosted.org/packages/31/42/0fb29a5c2c06a53dd12082bcad20d61863ae1d88731dff9df8cb0d1f05b3/fastnanoid-0.4.3-cp313-cp313-musllinux_1_2_aarch64.whl", hash = "sha256:d6c83d8b358ad0a31ab59cd1a89d3698709e9fbfd4451192e04643606b53fb86", size = 410142 },
    { url = "https://files.pythonhosted.org/packages/6b/aa/441100a4e3d9fa2e551272f4f408bbeec885c68b4b99784885974ff17a57/fastnanoid-0.4.3-cp313-cp313-musllinux_1_2_armv7l.whl", hash = "sha256:21e5f7ef6de4d21743adf87455c0decd7fc270ae16a956be9bcf016202155449", size = 502574 },
    { url = "https://files.pythonhosted.org/packages/73/fd/c37a60618c96c29e52f3e0cf7ee5b85f203a04c2f4a952fdd037c8b1c263/fastnanoid-0.4.3-cp313-cp313-musllinux_1_2_i686.whl", hash = "sha256:8bbe3cd12f624240b3d2f2573d667c80350bb13538655fd66112361534515607", size = 429760 },
    { url = "https://files.pythonhosted.org/packages/d6/8d/1b7407dc0cd86fc340798c1cdd27daf751f6ebde7b3b04b6b5d60ff0c4d9/fastnanoid-0.4.3-cp313-cp313-musllinux_1_2_x86_64.whl", hash = "sha256:5e627658f2ee8ba50f20ef5e3def22d9cd57809a3c10eb8bb1477dbfe48f7086", size = 404540 },
    { url = "https://files.pythonhosted.org/packages/46/bf/70a45f08e35d6fa2ac55bd5641e0489146bd7a98a6f4251f15fc5e6fc2ba/fastnanoid-0.4.3-cp313-cp313-win32.whl", hash = "sha256:f30395dba8dc5237f6036c29a53e64b644c83bcfbc938823ce364bfb8384b1f1", size = 102815 },
    { url = "https://files.pythonhosted.org/packages/31/7d/171e34276c6868c2d53909fe3757cd930e0d62282cf78076ab80fac98e09/fastnanoid-0.4.3-cp313-cp313-win_amd64.whl", hash = "sha256:4fa766a758327aff021cf93546ce2454a58f619ef2993666c5d52c4cebcd65c2", size = 109439 },
    { url = "https://files.pythonhosted.org/packages/ac/17/c4a18bee948c37e2ddc029194647457d6ba1f05c101224ff6c6bdb5b6047/fastnanoid-0.4.3-cp313-cp313t-manylinux_2_17_aarch64.manylinux2014_aarch64.whl", hash = "sha256:dbfbd6d442b2842cc6cbcdcf3d4b6db6e677dad544765ee62a4fdee43aae60ca", size = 230789 },
    { url = "https://files.pythonhosted.org/packages/22/48/36f096b479ed5239b58d6243f1b696f6863b1a9fe4561a63fb7e86c51037/fastnanoid-0.4.3-cp313-cp313t-manylinux_2_17_armv7l.manylinux2014_armv7l.whl", hash = "sha256:0b0a847843a58c1ee1d4d8c037a1c00cb84dc66710e03320e5782c55b28d5b07", size = 240082 },
    { url = "https://files.pythonhosted.org/packages/bc/c2/b081c074f967372397980dfe3089dd1ac69afd430e260e9fdd561ba2df01/fastnanoid-0.4.3-cp313-cp313t-manylinux_2_17_ppc64le.manylinux2014_ppc64le.whl", hash = "sha256:4078e26ccc6a001f9a70504f536f61b4e7773f5b8127791f6a0a4db51fa111c9", size = 367828 },
    { url = "https://files.pythonhosted.org/packages/81/1c/bfa345ed2e0cd03f3f9429091f643e7cf42706a276eb0e1cfbff7d404e37/fastnanoid-0.4.3-cp313-cp313t-manylinux_2_17_s390x.manylinux2014_s390x.whl", hash = "sha256:c3dbbe0b4eac58340dd522d6ece665b597c0c4af33865dc07c8b0dea8606ce25", size = 261272 },
    { url = "https://files.pythonhosted.org/packages/fa/46/554bfe67aa43a9fc91e3ef076610f06c57cdc287f5754fd6af6d544028ad/fastnanoid-0.4.3-cp313-cp313t-musllinux_1_2_aarch64.whl", hash = "sha256:daa2e0778f941da55b01177cc811f02291a2c02c07369126328deff49556f9a3", size = 409815 },
    { url = "https://files.pythonhosted.org/packages/99/25/b5820834b1b41c1d57eceb76b80743b5ccfa5d1be6880b7ae88a350e1190/fastnanoid-0.4.3-cp313-cp313t-musllinux_1_2_armv7l.whl", hash = "sha256:86b18aa85e6d5768c5a23e3e98a3731ec0f731c68393ce832cf275a1b0b3533d", size = 502414 },
    { url = "https://files.pythonhosted.org/packages/2c/55/e1072cc080165b311625b080e1a69408d6bbd598575917b7a583ad485b80/fastnanoid-0.4.3-cp313-cp313t-musllinux_1_2_i686.whl", hash = "sha256:bb2d63c3c2f5224c84964e213510b68683610d6d8eea78791d8b31eac9785cfe", size = 429764 },
    { url = "https://files.pythonhosted.org/packages/d5/30/0037e0d426561fdd46866b04e7214cae854aab050f8c91d4f45ddfd4034f/fastnanoid-0.4.3-cp313-cp313t-musllinux_1_2_x86_64.whl", hash = "sha256:b42a90da8c0c085911bef93323cd8244f3a7e6b327ecbfa2432bc3db04086014", size = 404473 },
    { url = "https://files.pythonhosted.org/packages/47/a1/5b3938464cf0ba235c76b15b1d0fe2d61cfd47dac848595bc47fc1fe541e/fastnanoid-0.4.3-cp314-cp314-manylinux_2_17_x86_64.manylinux2014_x86_64.whl", hash = "sha256:c5833bb7a1814e105f713731f7aac4aadb06e14517139d70080cacce458026eb", size = 234388 },
    { url = "https://files.pythonhosted.org/packages/59/30/6dd2f979a78783848fcff31251cc5bc45c315eb9314a5c9b485e76fc818d/fastnanoid-0.4.3-cp314-cp314-manylinux_2_5_i686.manylinux1_i686.whl", hash = "sha256:39fb393f81eb5ce37135418a9a10560b670682eeca4c062b985a1bc6fec45705", size = 249086 },
    { url = "https://files.pythonhosted.org/packages/1f/64/de3ee84c9672f7e7392cc349da896dbc0ac9239bef1cc6c23f0607e00371/fastnanoid-0.4.3-pp310-pypy310_pp73-manylinux_2_17_aarch64.manylinux2014_aarch64.whl", hash = "sha256:c06dffcd4ec8520c2ca5476a484275a8dce592b4707495e6a74cdc2ac0aa7922", size = 232734 },
    { url = "https://files.pythonhosted.org/packages/79/ea/48907f92cf2b7fa35adcce975d5c29d086050e7a406acde503e7e0d58a60/fastnanoid-0.4.3-pp310-pypy310_pp73-manylinux_2_17_armv7l.manylinux2014_armv7l.whl", hash = "sha256:aa71ef4ba1143da200ba79b16bc82352632ad0fce36aab16710c7b4d3d5f75d6", size = 242244 },
    { url = "https://files.pythonhosted.org/packages/d6/b4/9d9b6258421b3669185fc82a4569bd0af3b73db70770661578ce88317b96/fastnanoid-0.4.3-pp310-pypy310_pp73-manylinux_2_17_ppc64le.manylinux2014_ppc64le.whl", hash = "sha256:f5b3143f298528835bb1821e0da161a07631aed9ccbe93eca7c00ef0248402fd", size = 368223 },
    { url = "https://files.pythonhosted.org/packages/f6/02/8ed5ada1a302a9c279b3adae2f89c37a9e5177d21a6b072f00255005a682/fastnanoid-0.4.3-pp310-pypy310_pp73-manylinux_2_17_s390x.manylinux2014_s390x.whl", hash = "sha256:45b8d11373bde2c0afef38b59353808948407baec33dea0df95ba00dc6dbd84c", size = 262264 },
    { url = "https://files.pythonhosted.org/packages/21/b0/e18b1807d81f0a95d244b2cbc68c570518246ad713758f6cd028b4a4bd09/fastnanoid-0.4.3-pp310-pypy310_pp73-manylinux_2_17_x86_64.manylinux2014_x86_64.whl", hash = "sha256:c7e6a71a6c9fa6f3c3443dd086d6454c71330b3a3aeb5cd09f883faf9afa0a9c", size = 236353 },
    { url = "https://files.pythonhosted.org/packages/0e/8b/6ba5a5a1859758d7bdc42e72bd735b3f36ca5b78dc3768e9d253c312e13e/fastnanoid-0.4.3-pp310-pypy310_pp73-manylinux_2_5_i686.manylinux1_i686.whl", hash = "sha256:320d3dce34b0f64c8941e7a7a1607ce773eea7b8447dfe05f45aa42297d20110", size = 251633 },
    { url = "https://files.pythonhosted.org/packages/73/a2/8901e131f01c2e0b1ae4cbbda79eb75e1f4383f7fc415b2293989340bdbe/fastnanoid-0.4.3-pp310-pypy310_pp73-musllinux_1_2_aarch64.whl", hash = "sha256:aaf2e182e79665af3812f3c8f57f73c872e5c4eb89b1cb685e4cab5b8c0be848", size = 411386 },
    { url = "https://files.pythonhosted.org/packages/95/fb/ed1f380a60d7f19047abcee2d310839a269f68e8bdd0fd6f0bbccaf4df4d/fastnanoid-0.4.3-pp310-pypy310_pp73-musllinux_1_2_armv7l.whl", hash = "sha256:a6e2c9d635ae6efbe430f046ac4b748925c17343e886f4bcc0de411aa0eca569", size = 504920 },
    { url = "https://files.pythonhosted.org/packages/50/04/b0478867c36dc142cc0661fa06542f42c80cd989cc025a9b9594172ab682/fastnanoid-0.4.3-pp310-pypy310_pp73-musllinux_1_2_i686.whl", hash = "sha256:b7e11772a44afba1a244fab80926f1a5baa2cf6dc5b857efcb62128eeda2afbf", size = 432008 },
    { url = "https://files.pythonhosted.org/packages/10/b0/97e4518ac6b6e158533167e15d967005e6b86b83ca897bf3c0924db62f79/fastnanoid-0.4.3-pp310-pypy310_pp73-musllinux_1_2_x86_64.whl", hash = "sha256:c11b9c5795add802540f6ae9e0942e4ed2b1b5f74376946c8e3dc9ecee19c5ea", size = 406686 },
    { url = "https://files.pythonhosted.org/packages/0a/95/36b1b47db8cd3fc66b2152e5f552f20ea70458387bf6a4f9a26de7993bf0/fastnanoid-0.4.3-pp311-pypy311_pp73-manylinux_2_17_aarch64.manylinux2014_aarch64.whl", hash = "sha256:29c931443d1a29f7a004e506b89fcbce256a31c4aab5d081dee4df0432db3d05", size = 232543 },
    { url = "https://files.pythonhosted.org/packages/f9/f8/80697c7b4158317b5396779c8861dcd3cc621ddcb736ab555401e311e684/fastnanoid-0.4.3-pp311-pypy311_pp73-manylinux_2_17_armv7l.manylinux2014_armv7l.whl", hash = "sha256:ec5a4fc039a698b8d1b99a19ce50e853d8d8fb42aa52a3beea0e80a3df30facd", size = 242101 },
    { url = "https://files.pythonhosted.org/packages/01/f4/b7bf12cd7ab6d5b26d0c5a94731fa5255d188524ea15e8365f8b24293a08/fastnanoid-0.4.3-pp311-pypy311_pp73-manylinux_2_17_ppc64le.manylinux2014_ppc64le.whl", hash = "sha256:7898b91478853f7034e54f276bc10aeccdecfa76bbc0385aeeba2196bfdc201d", size = 368124 },
    { url = "https://files.pythonhosted.org/packages/e1/6a/41f3b688f77d4c99d36b9ab1b1bdede5a39fdecf8202c0b9c1acd41b17d4/fastnanoid-0.4.3-pp311-pypy311_pp73-manylinux_2_17_s390x.manylinux2014_s390x.whl", hash = "sha256:78828e0c2fede559299c22a4249ada58b898ea3b6fd95f3c26a77a43bfd17a99", size = 262077 },
    { url = "https://files.pythonhosted.org/packages/63/42/b775efd993cea7908f5248417fa3757e6bc0c6caa9caa99f8b7a62718acf/fastnanoid-0.4.3-pp311-pypy311_pp73-manylinux_2_17_x86_64.manylinux2014_x86_64.whl", hash = "sha256:9649a796c90c7ebcaeedd8f5decc82b83641341b60eb27e669fd28cf2530c88f", size = 236070 },
    { url = "https://files.pythonhosted.org/packages/6d/53/452da9995b29ab952d3987fe3753a91ec273dfcedd65d665cad2550fec1d/fastnanoid-0.4.3-pp311-pypy311_pp73-manylinux_2_5_i686.manylinux1_i686.whl", hash = "sha256:164f8c2f1b452b40652c9b692e293afbce36811b4ca4b44267719208b682b872", size = 251527 },
    { url = "https://files.pythonhosted.org/packages/36/4e/9231004152677b762f6635e7bac893726a2c323cc54b5e9331739352ac3f/fastnanoid-0.4.3-pp311-pypy311_pp73-musllinux_1_2_aarch64.whl", hash = "sha256:3a7cfb8b2453fad0ce1406ee3b028cade32b5de5948e25afa04c97e87f088ce4", size = 411240 },
    { url = "https://files.pythonhosted.org/packages/e6/69/2c71353ff382bc16b6ec902153a4d5f3199a8df1fd87fbc0b1da64066102/fastnanoid-0.4.3-pp311-pypy311_pp73-musllinux_1_2_armv7l.whl", hash = "sha256:8e93359bff01947ed884f01cf44766d8fa4af8a26df56a212ea308fb6e93f658", size = 504674 },
    { url = "https://files.pythonhosted.org/packages/88/7b/7e63ee606e97c4e18a9338b06cb96b96a82ec222b9df7a497fe8a122df9f/fastnanoid-0.4.3-pp311-pypy311_pp73-musllinux_1_2_i686.whl", hash = "sha256:db1759eb65a1fd027a88f0c6f6f63bf0b3063f8c488b9dd17f869d1ab423a387", size = 431910 },
    { url = "https://files.pythonhosted.org/packages/dd/38/3844c9e3fc23708566d3e9efb3ccbeb9981e87cc431c141a67ad110b7d18/fastnanoid-0.4.3-pp311-pypy311_pp73-musllinux_1_2_x86_64.whl", hash = "sha256:16b8692b5a59981e1644efbb83b87feac9cea1a2b8fb0dbc19f402dae26008bc", size = 406405 },
]

[[package]]
name = "filelock"
version = "3.18.0"
source = { registry = "https://pypi.org/simple" }
sdist = { url = "https://files.pythonhosted.org/packages/0a/10/c23352565a6544bdc5353e0b15fc1c563352101f30e24bf500207a54df9a/filelock-3.18.0.tar.gz", hash = "sha256:adbc88eabb99d2fec8c9c1b229b171f18afa655400173ddc653d5d01501fb9f2", size = 18075 }
wheels = [
    { url = "https://files.pythonhosted.org/packages/4d/36/2a115987e2d8c300a974597416d9de88f2444426de9571f4b59b2cca3acc/filelock-3.18.0-py3-none-any.whl", hash = "sha256:c401f4f8377c4464e6db25fff06205fd89bdd83b65eb0488ed1b160f780e21de", size = 16215 },
]

[[package]]
name = "identify"
version = "2.6.12"
source = { registry = "https://pypi.org/simple" }
sdist = { url = "https://files.pythonhosted.org/packages/a2/88/d193a27416618628a5eea64e3223acd800b40749a96ffb322a9b55a49ed1/identify-2.6.12.tar.gz", hash = "sha256:d8de45749f1efb108badef65ee8386f0f7bb19a7f26185f74de6367bffbaf0e6", size = 99254 }
wheels = [
    { url = "https://files.pythonhosted.org/packages/7a/cd/18f8da995b658420625f7ef13f037be53ae04ec5ad33f9b718240dcfd48c/identify-2.6.12-py2.py3-none-any.whl", hash = "sha256:ad9672d5a72e0d2ff7c5c8809b62dfa60458626352fb0eb7b55e69bdc45334a2", size = 99145 },
]

[[package]]
name = "loguru"
version = "0.7.3"
source = { registry = "https://pypi.org/simple" }
dependencies = [
    { name = "colorama", marker = "sys_platform == 'win32'" },
    { name = "win32-setctime", marker = "sys_platform == 'win32'" },
]
sdist = { url = "https://files.pythonhosted.org/packages/3a/05/a1dae3dffd1116099471c643b8924f5aa6524411dc6c63fdae648c4f1aca/loguru-0.7.3.tar.gz", hash = "sha256:19480589e77d47b8d85b2c827ad95d49bf31b0dcde16593892eb51dd18706eb6", size = 63559 }
wheels = [
    { url = "https://files.pythonhosted.org/packages/0c/29/0348de65b8cc732daa3e33e67806420b2ae89bdce2b04af740289c5c6c8c/loguru-0.7.3-py3-none-any.whl", hash = "sha256:31a33c10c8e1e10422bfd431aeb5d351c7cf7fa671e3c4df004162264b28220c", size = 61595 },
]

[[package]]
name = "nodeenv"
version = "1.9.1"
source = { registry = "https://pypi.org/simple" }
sdist = { url = "https://files.pythonhosted.org/packages/43/16/fc88b08840de0e0a72a2f9d8c6bae36be573e475a6326ae854bcc549fc45/nodeenv-1.9.1.tar.gz", hash = "sha256:6ec12890a2dab7946721edbfbcd91f3319c6ccc9aec47be7c7e6b7011ee6645f", size = 47437 }
wheels = [
    { url = "https://files.pythonhosted.org/packages/d2/1d/1b658dbd2b9fa9c4c9f32accbfc0205d532c8c6194dc0f2a4c0428e7128a/nodeenv-1.9.1-py2.py3-none-any.whl", hash = "sha256:ba11c9782d29c27c70ffbdda2d7415098754709be8a7056d79a737cd901155c9", size = 22314 },
]

[[package]]
name = "platformdirs"
version = "4.3.8"
source = { registry = "https://pypi.org/simple" }
sdist = { url = "https://files.pythonhosted.org/packages/fe/8b/3c73abc9c759ecd3f1f7ceff6685840859e8070c4d947c93fae71f6a0bf2/platformdirs-4.3.8.tar.gz", hash = "sha256:3d512d96e16bcb959a814c9f348431070822a6496326a4be0911c40b5a74c2bc", size = 21362 }
wheels = [
    { url = "https://files.pythonhosted.org/packages/fe/39/979e8e21520d4e47a0bbe349e2713c0aac6f3d853d0e5b34d76206c439aa/platformdirs-4.3.8-py3-none-any.whl", hash = "sha256:ff7059bb7eb1179e2685604f4aaf157cfd9535242bd23742eadc3c13542139b4", size = 18567 },
]

[[package]]
name = "pre-commit"
version = "4.2.0"
source = { registry = "https://pypi.org/simple" }
dependencies = [
    { name = "cfgv" },
    { name = "identify" },
    { name = "nodeenv" },
    { name = "pyyaml" },
    { name = "virtualenv" },
]
sdist = { url = "https://files.pythonhosted.org/packages/08/39/679ca9b26c7bb2999ff122d50faa301e49af82ca9c066ec061cfbc0c6784/pre_commit-4.2.0.tar.gz", hash = "sha256:601283b9757afd87d40c4c4a9b2b5de9637a8ea02eaff7adc2d0fb4e04841146", size = 193424 }
wheels = [
    { url = "https://files.pythonhosted.org/packages/88/74/a88bf1b1efeae488a0c0b7bdf71429c313722d1fc0f377537fbe554e6180/pre_commit-4.2.0-py2.py3-none-any.whl", hash = "sha256:a009ca7205f1eb497d10b845e52c838a98b6cdd2102a6c8e4540e94ee75c58bd", size = 220707 },
]

[[package]]
name = "pyyaml"
version = "6.0.2"
source = { registry = "https://pypi.org/simple" }
sdist = { url = "https://files.pythonhosted.org/packages/54/ed/79a089b6be93607fa5cdaedf301d7dfb23af5f25c398d5ead2525b063e17/pyyaml-6.0.2.tar.gz", hash = "sha256:d584d9ec91ad65861cc08d42e834324ef890a082e591037abe114850ff7bbc3e", size = 130631 }
wheels = [
    { url = "https://files.pythonhosted.org/packages/9b/95/a3fac87cb7158e231b5a6012e438c647e1a87f09f8e0d123acec8ab8bf71/PyYAML-6.0.2-cp310-cp310-macosx_10_9_x86_64.whl", hash = "sha256:0a9a2848a5b7feac301353437eb7d5957887edbf81d56e903999a75a3d743086", size = 184199 },
    { url = "https://files.pythonhosted.org/packages/c7/7a/68bd47624dab8fd4afbfd3c48e3b79efe09098ae941de5b58abcbadff5cb/PyYAML-6.0.2-cp310-cp310-macosx_11_0_arm64.whl", hash = "sha256:29717114e51c84ddfba879543fb232a6ed60086602313ca38cce623c1d62cfbf", size = 171758 },
    { url = "https://files.pythonhosted.org/packages/49/ee/14c54df452143b9ee9f0f29074d7ca5516a36edb0b4cc40c3f280131656f/PyYAML-6.0.2-cp310-cp310-manylinux_2_17_aarch64.manylinux2014_aarch64.whl", hash = "sha256:8824b5a04a04a047e72eea5cec3bc266db09e35de6bdfe34c9436ac5ee27d237", size = 718463 },
    { url = "https://files.pythonhosted.org/packages/4d/61/de363a97476e766574650d742205be468921a7b532aa2499fcd886b62530/PyYAML-6.0.2-cp310-cp310-manylinux_2_17_s390x.manylinux2014_s390x.whl", hash = "sha256:7c36280e6fb8385e520936c3cb3b8042851904eba0e58d277dca80a5cfed590b", size = 719280 },
    { url = "https://files.pythonhosted.org/packages/6b/4e/1523cb902fd98355e2e9ea5e5eb237cbc5f3ad5f3075fa65087aa0ecb669/PyYAML-6.0.2-cp310-cp310-manylinux_2_17_x86_64.manylinux2014_x86_64.whl", hash = "sha256:ec031d5d2feb36d1d1a24380e4db6d43695f3748343d99434e6f5f9156aaa2ed", size = 751239 },
    { url = "https://files.pythonhosted.org/packages/b7/33/5504b3a9a4464893c32f118a9cc045190a91637b119a9c881da1cf6b7a72/PyYAML-6.0.2-cp310-cp310-musllinux_1_1_aarch64.whl", hash = "sha256:936d68689298c36b53b29f23c6dbb74de12b4ac12ca6cfe0e047bedceea56180", size = 695802 },
    { url = "https://files.pythonhosted.org/packages/5c/20/8347dcabd41ef3a3cdc4f7b7a2aff3d06598c8779faa189cdbf878b626a4/PyYAML-6.0.2-cp310-cp310-musllinux_1_1_x86_64.whl", hash = "sha256:23502f431948090f597378482b4812b0caae32c22213aecf3b55325e049a6c68", size = 720527 },
    { url = "https://files.pythonhosted.org/packages/be/aa/5afe99233fb360d0ff37377145a949ae258aaab831bde4792b32650a4378/PyYAML-6.0.2-cp310-cp310-win32.whl", hash = "sha256:2e99c6826ffa974fe6e27cdb5ed0021786b03fc98e5ee3c5bfe1fd5015f42b99", size = 144052 },
    { url = "https://files.pythonhosted.org/packages/b5/84/0fa4b06f6d6c958d207620fc60005e241ecedceee58931bb20138e1e5776/PyYAML-6.0.2-cp310-cp310-win_amd64.whl", hash = "sha256:a4d3091415f010369ae4ed1fc6b79def9416358877534caf6a0fdd2146c87a3e", size = 161774 },
    { url = "https://files.pythonhosted.org/packages/f8/aa/7af4e81f7acba21a4c6be026da38fd2b872ca46226673c89a758ebdc4fd2/PyYAML-6.0.2-cp311-cp311-macosx_10_9_x86_64.whl", hash = "sha256:cc1c1159b3d456576af7a3e4d1ba7e6924cb39de8f67111c735f6fc832082774", size = 184612 },
    { url = "https://files.pythonhosted.org/packages/8b/62/b9faa998fd185f65c1371643678e4d58254add437edb764a08c5a98fb986/PyYAML-6.0.2-cp311-cp311-macosx_11_0_arm64.whl", hash = "sha256:1e2120ef853f59c7419231f3bf4e7021f1b936f6ebd222406c3b60212205d2ee", size = 172040 },
    { url = "https://files.pythonhosted.org/packages/ad/0c/c804f5f922a9a6563bab712d8dcc70251e8af811fce4524d57c2c0fd49a4/PyYAML-6.0.2-cp311-cp311-manylinux_2_17_aarch64.manylinux2014_aarch64.whl", hash = "sha256:5d225db5a45f21e78dd9358e58a98702a0302f2659a3c6cd320564b75b86f47c", size = 736829 },
    { url = "https://files.pythonhosted.org/packages/51/16/6af8d6a6b210c8e54f1406a6b9481febf9c64a3109c541567e35a49aa2e7/PyYAML-6.0.2-cp311-cp311-manylinux_2_17_s390x.manylinux2014_s390x.whl", hash = "sha256:5ac9328ec4831237bec75defaf839f7d4564be1e6b25ac710bd1a96321cc8317", size = 764167 },
    { url = "https://files.pythonhosted.org/packages/75/e4/2c27590dfc9992f73aabbeb9241ae20220bd9452df27483b6e56d3975cc5/PyYAML-6.0.2-cp311-cp311-manylinux_2_17_x86_64.manylinux2014_x86_64.whl", hash = "sha256:3ad2a3decf9aaba3d29c8f537ac4b243e36bef957511b4766cb0057d32b0be85", size = 762952 },
    { url = "https://files.pythonhosted.org/packages/9b/97/ecc1abf4a823f5ac61941a9c00fe501b02ac3ab0e373c3857f7d4b83e2b6/PyYAML-6.0.2-cp311-cp311-musllinux_1_1_aarch64.whl", hash = "sha256:ff3824dc5261f50c9b0dfb3be22b4567a6f938ccce4587b38952d85fd9e9afe4", size = 735301 },
    { url = "https://files.pythonhosted.org/packages/45/73/0f49dacd6e82c9430e46f4a027baa4ca205e8b0a9dce1397f44edc23559d/PyYAML-6.0.2-cp311-cp311-musllinux_1_1_x86_64.whl", hash = "sha256:797b4f722ffa07cc8d62053e4cff1486fa6dc094105d13fea7b1de7d8bf71c9e", size = 756638 },
    { url = "https://files.pythonhosted.org/packages/22/5f/956f0f9fc65223a58fbc14459bf34b4cc48dec52e00535c79b8db361aabd/PyYAML-6.0.2-cp311-cp311-win32.whl", hash = "sha256:11d8f3dd2b9c1207dcaf2ee0bbbfd5991f571186ec9cc78427ba5bd32afae4b5", size = 143850 },
    { url = "https://files.pythonhosted.org/packages/ed/23/8da0bbe2ab9dcdd11f4f4557ccaf95c10b9811b13ecced089d43ce59c3c8/PyYAML-6.0.2-cp311-cp311-win_amd64.whl", hash = "sha256:e10ce637b18caea04431ce14fabcf5c64a1c61ec9c56b071a4b7ca131ca52d44", size = 161980 },
    { url = "https://files.pythonhosted.org/packages/86/0c/c581167fc46d6d6d7ddcfb8c843a4de25bdd27e4466938109ca68492292c/PyYAML-6.0.2-cp312-cp312-macosx_10_9_x86_64.whl", hash = "sha256:c70c95198c015b85feafc136515252a261a84561b7b1d51e3384e0655ddf25ab", size = 183873 },
    { url = "https://files.pythonhosted.org/packages/a8/0c/38374f5bb272c051e2a69281d71cba6fdb983413e6758b84482905e29a5d/PyYAML-6.0.2-cp312-cp312-macosx_11_0_arm64.whl", hash = "sha256:ce826d6ef20b1bc864f0a68340c8b3287705cae2f8b4b1d932177dcc76721725", size = 173302 },
    { url = "https://files.pythonhosted.org/packages/c3/93/9916574aa8c00aa06bbac729972eb1071d002b8e158bd0e83a3b9a20a1f7/PyYAML-6.0.2-cp312-cp312-manylinux_2_17_aarch64.manylinux2014_aarch64.whl", hash = "sha256:1f71ea527786de97d1a0cc0eacd1defc0985dcf6b3f17bb77dcfc8c34bec4dc5", size = 739154 },
    { url = "https://files.pythonhosted.org/packages/95/0f/b8938f1cbd09739c6da569d172531567dbcc9789e0029aa070856f123984/PyYAML-6.0.2-cp312-cp312-manylinux_2_17_s390x.manylinux2014_s390x.whl", hash = "sha256:9b22676e8097e9e22e36d6b7bda33190d0d400f345f23d4065d48f4ca7ae0425", size = 766223 },
    { url = "https://files.pythonhosted.org/packages/b9/2b/614b4752f2e127db5cc206abc23a8c19678e92b23c3db30fc86ab731d3bd/PyYAML-6.0.2-cp312-cp312-manylinux_2_17_x86_64.manylinux2014_x86_64.whl", hash = "sha256:80bab7bfc629882493af4aa31a4cfa43a4c57c83813253626916b8c7ada83476", size = 767542 },
    { url = "https://files.pythonhosted.org/packages/d4/00/dd137d5bcc7efea1836d6264f049359861cf548469d18da90cd8216cf05f/PyYAML-6.0.2-cp312-cp312-musllinux_1_1_aarch64.whl", hash = "sha256:0833f8694549e586547b576dcfaba4a6b55b9e96098b36cdc7ebefe667dfed48", size = 731164 },
    { url = "https://files.pythonhosted.org/packages/c9/1f/4f998c900485e5c0ef43838363ba4a9723ac0ad73a9dc42068b12aaba4e4/PyYAML-6.0.2-cp312-cp312-musllinux_1_1_x86_64.whl", hash = "sha256:8b9c7197f7cb2738065c481a0461e50ad02f18c78cd75775628afb4d7137fb3b", size = 756611 },
    { url = "https://files.pythonhosted.org/packages/df/d1/f5a275fdb252768b7a11ec63585bc38d0e87c9e05668a139fea92b80634c/PyYAML-6.0.2-cp312-cp312-win32.whl", hash = "sha256:ef6107725bd54b262d6dedcc2af448a266975032bc85ef0172c5f059da6325b4", size = 140591 },
    { url = "https://files.pythonhosted.org/packages/0c/e8/4f648c598b17c3d06e8753d7d13d57542b30d56e6c2dedf9c331ae56312e/PyYAML-6.0.2-cp312-cp312-win_amd64.whl", hash = "sha256:7e7401d0de89a9a855c839bc697c079a4af81cf878373abd7dc625847d25cbd8", size = 156338 },
    { url = "https://files.pythonhosted.org/packages/ef/e3/3af305b830494fa85d95f6d95ef7fa73f2ee1cc8ef5b495c7c3269fb835f/PyYAML-6.0.2-cp313-cp313-macosx_10_13_x86_64.whl", hash = "sha256:efdca5630322a10774e8e98e1af481aad470dd62c3170801852d752aa7a783ba", size = 181309 },
    { url = "https://files.pythonhosted.org/packages/45/9f/3b1c20a0b7a3200524eb0076cc027a970d320bd3a6592873c85c92a08731/PyYAML-6.0.2-cp313-cp313-macosx_11_0_arm64.whl", hash = "sha256:50187695423ffe49e2deacb8cd10510bc361faac997de9efef88badc3bb9e2d1", size = 171679 },
    { url = "https://files.pythonhosted.org/packages/7c/9a/337322f27005c33bcb656c655fa78325b730324c78620e8328ae28b64d0c/PyYAML-6.0.2-cp313-cp313-manylinux_2_17_aarch64.manylinux2014_aarch64.whl", hash = "sha256:0ffe8360bab4910ef1b9e87fb812d8bc0a308b0d0eef8c8f44e0254ab3b07133", size = 733428 },
    { url = "https://files.pythonhosted.org/packages/a3/69/864fbe19e6c18ea3cc196cbe5d392175b4cf3d5d0ac1403ec3f2d237ebb5/PyYAML-6.0.2-cp313-cp313-manylinux_2_17_s390x.manylinux2014_s390x.whl", hash = "sha256:17e311b6c678207928d649faa7cb0d7b4c26a0ba73d41e99c4fff6b6c3276484", size = 763361 },
    { url = "https://files.pythonhosted.org/packages/04/24/b7721e4845c2f162d26f50521b825fb061bc0a5afcf9a386840f23ea19fa/PyYAML-6.0.2-cp313-cp313-manylinux_2_17_x86_64.manylinux2014_x86_64.whl", hash = "sha256:70b189594dbe54f75ab3a1acec5f1e3faa7e8cf2f1e08d9b561cb41b845f69d5", size = 759523 },
    { url = "https://files.pythonhosted.org/packages/2b/b2/e3234f59ba06559c6ff63c4e10baea10e5e7df868092bf9ab40e5b9c56b6/PyYAML-6.0.2-cp313-cp313-musllinux_1_1_aarch64.whl", hash = "sha256:41e4e3953a79407c794916fa277a82531dd93aad34e29c2a514c2c0c5fe971cc", size = 726660 },
    { url = "https://files.pythonhosted.org/packages/fe/0f/25911a9f080464c59fab9027482f822b86bf0608957a5fcc6eaac85aa515/PyYAML-6.0.2-cp313-cp313-musllinux_1_1_x86_64.whl", hash = "sha256:68ccc6023a3400877818152ad9a1033e3db8625d899c72eacb5a668902e4d652", size = 751597 },
    { url = "https://files.pythonhosted.org/packages/14/0d/e2c3b43bbce3cf6bd97c840b46088a3031085179e596d4929729d8d68270/PyYAML-6.0.2-cp313-cp313-win32.whl", hash = "sha256:bc2fa7c6b47d6bc618dd7fb02ef6fdedb1090ec036abab80d4681424b84c1183", size = 140527 },
    { url = "https://files.pythonhosted.org/packages/fa/de/02b54f42487e3d3c6efb3f89428677074ca7bf43aae402517bc7cca949f3/PyYAML-6.0.2-cp313-cp313-win_amd64.whl", hash = "sha256:8388ee1976c416731879ac16da0aff3f63b286ffdd57cdeb95f3f2e085687563", size = 156446 },
]

[[package]]
name = "virtualenv"
version = "20.33.1"
source = { registry = "https://pypi.org/simple" }
dependencies = [
    { name = "distlib" },
    { name = "filelock" },
    { name = "platformdirs" },
]
sdist = { url = "https://files.pythonhosted.org/packages/8b/60/4f20960df6c7b363a18a55ab034c8f2bcd5d9770d1f94f9370ec104c1855/virtualenv-20.33.1.tar.gz", hash = "sha256:1b44478d9e261b3fb8baa5e74a0ca3bc0e05f21aa36167bf9cbf850e542765b8", size = 6082160 }
wheels = [
    { url = "https://files.pythonhosted.org/packages/ca/ff/ded57ac5ff40a09e6e198550bab075d780941e0b0f83cbeabd087c59383a/virtualenv-20.33.1-py3-none-any.whl", hash = "sha256:07c19bc66c11acab6a5958b815cbcee30891cd1c2ccf53785a28651a0d8d8a67", size = 6060362 },
]

[[package]]
name = "win32-setctime"
version = "1.2.0"
source = { registry = "https://pypi.org/simple" }
sdist = { url = "https://files.pythonhosted.org/packages/b3/8f/705086c9d734d3b663af0e9bb3d4de6578d08f46b1b101c2442fd9aecaa2/win32_setctime-1.2.0.tar.gz", hash = "sha256:ae1fdf948f5640aae05c511ade119313fb6a30d7eabe25fef9764dca5873c4c0", size = 4867 }
wheels = [
    { url = "https://files.pythonhosted.org/packages/e1/07/c6fe3ad3e685340704d314d765b7912993bcb8dc198f0e7a89382d37974b/win32_setctime-1.2.0-py3-none-any.whl", hash = "sha256:95d644c4e708aba81dc3704a116d8cbc974d70b3bdb8be1d150e36be6e9d1390", size = 4083 },
]
