[[package]]
name = "python3"
version = "3.11.13"

[[package]]
name = "asn1crypto"
version = "1.5.1"

[[package]]
name = "boto3"
version = "1.40.4"

[[package]]
name = "boto3-stubs"
version = "1.40.18"

[[package]]
name = "botocore"
version = "1.40.4"

[[package]]
name = "botocore-stubs"
version = "1.38.46"

[[package]]
name = "certifi"
version = "2025.07.14"

[[package]]
name = "cffi"
version = "1.17.1"

[[package]]
name = "charset-normalizer"
version = "3.4.2"

[[package]]
name = "cryptography"
version = "45.0.4"

[[package]]
name = "deprecated"
version = "1.2.18"

[[package]]
name = "dill"
version = "0.4.0"

[[package]]
name = "fa_purity"
version = "2.5.0"

[[package]]
name = "filelock"
version = "3.18.0"

[[package]]
name = "fluidattacks_etl_utils"
version = "1.0.0"

[[package]]
name = "idna"
version = "3.10"

[[package]]
name = "jmespath"
version = "1.0.1"

[[package]]
name = "more-itertools"
version = "10.7.0"

[[package]]
name = "multiprocess"
version = "0.70.18"

[[package]]
name = "mypy-boto3-redshift"
version = "1.40.0"

[[package]]
name = "packaging"
version = "25.0"

[[package]]
name = "pathos"
version = "0.3.4"

[[package]]
name = "platformdirs"
version = "4.3.8"

[[package]]
name = "pox"
version = "0.3.6"

[[package]]
name = "ppft"
version = "1.7.7"

[[package]]
name = "psycopg2"
version = "2.9.10"

[[package]]
name = "pycparser"
version = "2.22"

[[package]]
name = "pyjwt"
version = "2.10.1"

[[package]]
name = "pyopenssl"
version = "25.1.0"

[[package]]
name = "python-dateutil"
version = "2.9.0.post0"

[[package]]
name = "pytz"
version = "2025.2"

[[package]]
name = "redshift_client"
version = "8.1.1"

[[package]]
name = "requests"
version = "2.32.4"

[[package]]
name = "s3transfer"
version = "0.13.1"

[[package]]
name = "simplejson"
version = "3.20.1"

[[package]]
name = "six"
version = "1.17.0"

[[package]]
name = "snowflake-connector-python"
version = "3.14.0"

[[package]]
name = "snowflake_client"
version = "3.2.3"

[[package]]
name = "sortedcontainers"
version = "2.4.0"

[[package]]
name = "tomlkit"
version = "0.13.3"

[[package]]
name = "types-awscrt"
version = "0.27.6"

[[package]]
name = "types-deprecated"
version = "1.2.15.20250304"

[[package]]
name = "types-psycopg2"
version = "2.9.21.20250809"

[[package]]
name = "types-python-dateutil"
version = "2.9.0.20250708"

[[package]]
name = "types-requests"
version = "2.32.4.20250611"

[[package]]
name = "types-s3transfer"
version = "0.13.0"

[[package]]
name = "types-simplejson"
version = "3.17.3"

[[package]]
name = "types-urllib3"
version = "1.26.25.14"

[[package]]
name = "typing-extensions"
version = "4.14.1"

[[package]]
name = "urllib3"
version = "2.5.0"

[[package]]
name = "wrapt"
version = "1.17.2"

